
Microsoft Visual Studio Solution File, Format Version 12.00
# Visual Studio Version 16
VisualStudioVersion = 16.0.31729.503
MinimumVisualStudioVersion = 10.0.40219.1
Project("{FAE04EC0-301F-11D3-BF4B-00C04F79EFBC}") = "MVCBook", "MVCBook\MVCBook.csproj", "{50E15682-5CDB-4B9E-AEB0-2A12BFB096A0}"
EndProject
Global
	GlobalSection(SolutionConfigurationPlatforms) = preSolution
		Debug|Any CPU = Debug|Any CPU
		Release|Any CPU = Release|Any CPU
	EndGlobalSection
	GlobalSection(ProjectConfigurationPlatforms) = postSolution
		{50E15682-5CDB-4B9E-AEB0-2A12BFB096A0}.Debug|Any CPU.ActiveCfg = Debug|Any CPU
		{50E15682-5CDB-4B9E-AEB0-2A12BFB096A0}.Debug|Any CPU.Build.0 = Debug|Any CPU
		{50E15682-5CDB-4B9E-AEB0-2A12BFB096A0}.Release|Any CPU.ActiveCfg = Release|Any CPU
		{50E15682-5CDB-4B9E-AEB0-2A12BFB096A0}.Release|Any CPU.Build.0 = Release|Any CPU
	EndGlobalSection
	GlobalSection(SolutionProperties) = preSolution
		HideSolutionNode = FALSE
	EndGlobalSection
	GlobalSection(ExtensibilityGlobals) = postSolution
		SolutionGuid = {956E3BBA-58B9-4C45-A701-8D4E6AEC8A0F}
	EndGlobalSection
EndGlobal
